// !$*UTF8*$!
{
	archiveVersion = 1;
	classes = {
	};
	objectVersion = 50;
	objects = {

/* Begin PBXBuildFile section */
		17758DF3246D15B600862BF5 /* AppDelegate.swift in Sources */ = {isa = PBXBuildFile; fileRef = 17758DF2246D15B600862BF5 /* AppDelegate.swift */; };
		17758DF5246D15B600862BF5 /* SceneDelegate.swift in Sources */ = {isa = PBXBuildFile; fileRef = 17758DF4246D15B600862BF5 /* SceneDelegate.swift */; };
		17758DF7246D15B600862BF5 /* ViewController.swift in Sources */ = {isa = PBXBuildFile; fileRef = 17758DF6246D15B600862BF5 /* ViewController.swift */; };
		17758DFA246D15B600862BF5 /* Main.storyboard in Resources */ = {isa = PBXBuildFile; fileRef = 17758DF8246D15B600862BF5 /* Main.storyboard */; };
		17758DFC246D15B700862BF5 /* Assets.xcassets in Resources */ = {isa = PBXBuildFile; fileRef = 17758DFB246D15B700862BF5 /* Assets.xcassets */; };
		17758DFF246D15B700862BF5 /* LaunchScreen.storyboard in Resources */ = {isa = PBXBuildFile; fileRef = 17758DFD246D15B700862BF5 /* LaunchScreen.storyboard */; };
		17758E0A246D15B700862BF5 /* BarabaraGameTests.swift in Sources */ = {isa = PBXBuildFile; fileRef = 17758E09246D15B700862BF5 /* BarabaraGameTests.swift */; };
		17758E15246D15B700862BF5 /* BarabaraGameUITests.swift in Sources */ = {isa = PBXBuildFile; fileRef = 17758E14246D15B700862BF5 /* BarabaraGameUITests.swift */; };
		17758E24246D174D00862BF5 /* tail.png in Resources */ = {isa = PBXBuildFile; fileRef = 17758E22246D174D00862BF5 /* tail.png */; };
		17758E25246D174D00862BF5 /* bar.png in Resources */ = {isa = PBXBuildFile; fileRef = 17758E23246D174D00862BF5 /* bar.png */; };
		17758E27246D186E00862BF5 /* GameViewController.swift in Sources */ = {isa = PBXBuildFile; fileRef = 17758E26246D186E00862BF5 /* GameViewController.swift */; };
		17758E29246D188200862BF5 /* RankingViewController.swift in Sources */ = {isa = PBXBuildFile; fileRef = 17758E28246D188200862BF5 /* RankingViewController.swift */; };
/* End PBXBuildFile section */

/* Begin PBXContainerItemProxy section */
		17758E06246D15B700862BF5 /* PBXContainerItemProxy */ = {
			isa = PBXContainerItemProxy;
			containerPortal = 17758DE7246D15B500862BF5 /* Project object */;
			proxyType = 1;
			remoteGlobalIDString = 17758DEE246D15B500862BF5;
			remoteInfo = BarabaraGame;
		};
		17758E11246D15B700862BF5 /* PBXContainerItemProxy */ = {
			isa = PBXContainerItemProxy;
			containerPortal = 17758DE7246D15B500862BF5 /* Project object */;
			proxyType = 1;
			remoteGlobalIDString = 17758DEE246D15B500862BF5;
			remoteInfo = BarabaraGame;
		};
/* End PBXContainerItemProxy section */

/* Begin PBXFileReference section */
		17758DEF246D15B500862BF5 /* BarabaraGame.app */ = {isa = PBXFileReference; explicitFileType = wrapper.application; includeInIndex = 0; path = BarabaraGame.app; sourceTree = BUILT_PRODUCTS_DIR; };
		17758DF2246D15B600862BF5 /* AppDelegate.swift */ = {isa = PBXFileReference; lastKnownFileType = sourcecode.swift; path = AppDelegate.swift; sourceTree = "<group>"; };
		17758DF4246D15B600862BF5 /* SceneDelegate.swift */ = {isa = PBXFileReference; lastKnownFileType = sourcecode.swift; path = SceneDelegate.swift; sourceTree = "<group>"; };
		17758DF6246D15B600862BF5 /* ViewController.swift */ = {isa = PBXFileReference; lastKnownFileType = sourcecode.swift; path = ViewController.swift; sourceTree = "<group>"; };
		17758DF9246D15B600862BF5 /* Base */ = {isa = PBXFileReference; lastKnownFileType = file.storyboard; name = Base; path = Base.lproj/Main.storyboard; sourceTree = "<group>"; };
		17758DFB246D15B700862BF5 /* Assets.xcassets */ = {isa = PBXFileReference; lastKnownFileType = folder.assetcatalog; path = Assets.xcassets; sourceTree = "<group>"; };
		17758DFE246D15B700862BF5 /* Base */ = {isa = PBXFileReference; lastKnownFileType = file.storyboard; name = Base; path = Base.lproj/LaunchScreen.storyboard; sourceTree = "<group>"; };
		17758E00246D15B700862BF5 /* Info.plist */ = {isa = PBXFileReference; lastKnownFileType = text.plist.xml; path = Info.plist; sourceTree = "<group>"; };
		17758E05246D15B700862BF5 /* BarabaraGameTests.xctest */ = {isa = PBXFileReference; explicitFileType = wrapper.cfbundle; includeInIndex = 0; path = BarabaraGameTests.xctest; sourceTree = BUILT_PRODUCTS_DIR; };
		17758E09246D15B700862BF5 /* BarabaraGameTests.swift */ = {isa = PBXFileReference; lastKnownFileType = sourcecode.swift; path = BarabaraGameTests.swift; sourceTree = "<group>"; };
		17758E0B246D15B700862BF5 /* Info.plist */ = {isa = PBXFileReference; lastKnownFileType = text.plist.xml; path = Info.plist; sourceTree = "<group>"; };
		17758E10246D15B700862BF5 /* BarabaraGameUITests.xctest */ = {isa = PBXFileReference; explicitFileType = wrapper.cfbundle; includeInIndex = 0; path = BarabaraGameUITests.xctest; sourceTree = BUILT_PRODUCTS_DIR; };
		17758E14246D15B700862BF5 /* BarabaraGameUITests.swift */ = {isa = PBXFileReference; lastKnownFileType = sourcecode.swift; path = BarabaraGameUITests.swift; sourceTree = "<group>"; };
		17758E16246D15B700862BF5 /* Info.plist */ = {isa = PBXFileReference; lastKnownFileType = text.plist.xml; path = Info.plist; sourceTree = "<group>"; };
		17758E22246D174D00862BF5 /* tail.png */ = {isa = PBXFileReference; lastKnownFileType = image.png; path = tail.png; sourceTree = "<group>"; };
		17758E23246D174D00862BF5 /* bar.png */ = {isa = PBXFileReference; lastKnownFileType = image.png; path = bar.png; sourceTree = "<group>"; };
		17758E26246D186E00862BF5 /* GameViewController.swift */ = {isa = PBXFileReference; lastKnownFileType = sourcecode.swift; path = GameViewController.swift; sourceTree = "<group>"; };
		17758E28246D188200862BF5 /* RankingViewController.swift */ = {isa = PBXFileReference; lastKnownFileType = sourcecode.swift; path = RankingViewController.swift; sourceTree = "<group>"; };
/* End PBXFileReference section */

/* Begin PBXFrameworksBuildPhase section */
		17758DEC246D15B500862BF5 /* Frameworks */ = {
			isa = PBXFrameworksBuildPhase;
			buildActionMask = 2147483647;
			files = (
			);
			runOnlyForDeploymentPostprocessing = 0;
		};
		17758E02246D15B700862BF5 /* Frameworks */ = {
			isa = PBXFrameworksBuildPhase;
			buildActionMask = 2147483647;
			files = (
			);
			runOnlyForDeploymentPostprocessing = 0;
		};
		17758E0D246D15B700862BF5 /* Frameworks */ = {
			isa = PBXFrameworksBuildPhase;
			buildActionMask = 2147483647;
			files = (
			);
			runOnlyForDeploymentPostprocessing = 0;
		};
/* End PBXFrameworksBuildPhase section */

/* Begin PBXGroup section */
		17758DE6246D15B500862BF5 = {
			isa = PBXGroup;
			children = (
				17758DF1246D15B500862BF5 /* BarabaraGame */,
				17758E08246D15B700862BF5 /* BarabaraGameTests */,
				17758E13246D15B700862BF5 /* BarabaraGameUITests */,
				17758DF0246D15B500862BF5 /* Products */,
			);
			sourceTree = "<group>";
		};
		17758DF0246D15B500862BF5 /* Products */ = {
			isa = PBXGroup;
			children = (
				17758DEF246D15B500862BF5 /* BarabaraGame.app */,
				17758E05246D15B700862BF5 /* BarabaraGameTests.xctest */,
				17758E10246D15B700862BF5 /* BarabaraGameUITests.xctest */,
			);
			name = Products;
			sourceTree = "<group>";
		};
		17758DF1246D15B500862BF5 /* BarabaraGame */ = {
			isa = PBXGroup;
			children = (
				17758E23246D174D00862BF5 /* bar.png */,
				17758E22246D174D00862BF5 /* tail.png */,
				17758DF2246D15B600862BF5 /* AppDelegate.swift */,
				17758DF4246D15B600862BF5 /* SceneDelegate.swift */,
				17758DF6246D15B600862BF5 /* ViewController.swift */,
				17758DF8246D15B600862BF5 /* Main.storyboard */,
				17758DFB246D15B700862BF5 /* Assets.xcassets */,
				17758DFD246D15B700862BF5 /* LaunchScreen.storyboard */,
				17758E00246D15B700862BF5 /* Info.plist */,
				17758E26246D186E00862BF5 /* GameViewController.swift */,
				17758E28246D188200862BF5 /* RankingViewController.swift */,
			);
			path = BarabaraGame;
			sourceTree = "<group>";
		};
		17758E08246D15B700862BF5 /* BarabaraGameTests */ = {
			isa = PBXGroup;
			children = (
				17758E09246D15B700862BF5 /* BarabaraGameTests.swift */,
				17758E0B246D15B700862BF5 /* Info.plist */,
			);
			path = BarabaraGameTests;
			sourceTree = "<group>";
		};
		17758E13246D15B700862BF5 /* BarabaraGameUITests */ = {
			isa = PBXGroup;
			children = (
				17758E14246D15B700862BF5 /* BarabaraGameUITests.swift */,
				17758E16246D15B700862BF5 /* Info.plist */,
			);
			path = BarabaraGameUITests;
			sourceTree = "<group>";
		};
/* End PBXGroup section */

/* Begin PBXNativeTarget section */
		17758DEE246D15B500862BF5 /* BarabaraGame */ = {
			isa = PBXNativeTarget;
			buildConfigurationList = 17758E19246D15B700862BF5 /* Build configuration list for PBXNativeTarget "BarabaraGame" */;
			buildPhases = (
				17758DEB246D15B500862BF5 /* Sources */,
				17758DEC246D15B500862BF5 /* Frameworks */,
				17758DED246D15B500862BF5 /* Resources */,
			);
			buildRules = (
			);
			dependencies = (
			);
			name = BarabaraGame;
			productName = BarabaraGame;
			productReference = 17758DEF246D15B500862BF5 /* BarabaraGame.app */;
			productType = "com.apple.product-type.application";
		};
		17758E04246D15B700862BF5 /* BarabaraGameTests */ = {
			isa = PBXNativeTarget;
			buildConfigurationList = 17758E1C246D15B700862BF5 /* Build configuration list for PBXNativeTarget "BarabaraGameTests" */;
			buildPhases = (
				17758E01246D15B700862BF5 /* Sources */,
				17758E02246D15B700862BF5 /* Frameworks */,
				17758E03246D15B700862BF5 /* Resources */,
			);
			buildRules = (
			);
			dependencies = (
				17758E07246D15B700862BF5 /* PBXTargetDependency */,
			);
			name = BarabaraGameTests;
			productName = BarabaraGameTests;
			productReference = 17758E05246D15B700862BF5 /* BarabaraGameTests.xctest */;
			productType = "com.apple.product-type.bundle.unit-test";
		};
		17758E0F246D15B700862BF5 /* BarabaraGameUITests */ = {
			isa = PBXNativeTarget;
			buildConfigurationList = 17758E1F246D15B700862BF5 /* Build configuration list for PBXNativeTarget "BarabaraGameUITests" */;
			buildPhases = (
				17758E0C246D15B700862BF5 /* Sources */,
				17758E0D246D15B700862BF5 /* Frameworks */,
				17758E0E246D15B700862BF5 /* Resources */,
			);
			buildRules = (
			);
			dependencies = (
				17758E12246D15B700862BF5 /* PBXTargetDependency */,
			);
			name = BarabaraGameUITests;
			productName = BarabaraGameUITests;
			productReference = 17758E10246D15B700862BF5 /* BarabaraGameUITests.xctest */;
			productType = "com.apple.product-type.bundle.ui-testing";
		};
/* End PBXNativeTarget section */

/* Begin PBXProject section */
		17758DE7246D15B500862BF5 /* Project object */ = {
			isa = PBXProject;
			attributes = {
				LastSwiftUpdateCheck = 1140;
				LastUpgradeCheck = 1140;
				ORGANIZATIONNAME = "Takemura assan";
				TargetAttributes = {
					17758DEE246D15B500862BF5 = {
						CreatedOnToolsVersion = 11.4.1;
					};
					17758E04246D15B700862BF5 = {
						CreatedOnToolsVersion = 11.4.1;
						TestTargetID = 17758DEE246D15B500862BF5;
					};
					17758E0F246D15B700862BF5 = {
						CreatedOnToolsVersion = 11.4.1;
						TestTargetID = 17758DEE246D15B500862BF5;
					};
				};
			};
			buildConfigurationList = 17758DEA246D15B500862BF5 /* Build configuration list for PBXProject "BarabaraGame" */;
			compatibilityVersion = "Xcode 9.3";
			developmentRegion = en;
			hasScannedForEncodings = 0;
			knownRegions = (
				en,
				Base,
			);
			mainGroup = 17758DE6246D15B500862BF5;
			productRefGroup = 17758DF0246D15B500862BF5 /* Products */;
			projectDirPath = "";
			projectRoot = "";
			targets = (
				17758DEE246D15B500862BF5 /* BarabaraGame */,
				17758E04246D15B700862BF5 /* BarabaraGameTests */,
				17758E0F246D15B700862BF5 /* BarabaraGameUITests */,
			);
		};
/* End PBXProject section */

/* Begin PBXResourcesBuildPhase section */
		17758DED246D15B500862BF5 /* Resources */ = {
			isa = PBXResourcesBuildPhase;
			buildActionMask = 2147483647;
			files = (
				17758DFF246D15B700862BF5 /* LaunchScreen.storyboard in Resources */,
				17758E25246D174D00862BF5 /* bar.png in Resources */,
				17758E24246D174D00862BF5 /* tail.png in Resources */,
				17758DFC246D15B700862BF5 /* Assets.xcassets in Resources */,
				17758DFA246D15B600862BF5 /* Main.storyboard in Resources */,
			);
			runOnlyForDeploymentPostprocessing = 0;
		};
		17758E03246D15B700862BF5 /* Resources */ = {
			isa = PBXResourcesBuildPhase;
			buildActionMask = 2147483647;
			files = (
			);
			runOnlyForDeploymentPostprocessing = 0;
		};
		17758E0E246D15B700862BF5 /* Resources */ = {
			isa = PBXResourcesBuildPhase;
			buildActionMask = 2147483647;
			files = (
			);
			runOnlyForDeploymentPostprocessing = 0;
		};
/* End PBXResourcesBuildPhase section */

/* Begin PBXSourcesBuildPhase section */
		17758DEB246D15B500862BF5 /* Sources */ = {
			isa = PBXSourcesBuildPhase;
			buildActionMask = 2147483647;
			files = (
				17758E29246D188200862BF5 /* RankingViewController.swift in Sources */,
				17758E27246D186E00862BF5 /* GameViewController.swift in Sources */,
				17758DF7246D15B600862BF5 /* ViewController.swift in Sources */,
				17758DF3246D15B600862BF5 /* AppDelegate.swift in Sources */,
				17758DF5246D15B600862BF5 /* SceneDelegate.swift in Sources */,
			);
			runOnlyForDeploymentPostprocessing = 0;
		};
		17758E01246D15B700862BF5 /* Sources */ = {
			isa = PBXSourcesBuildPhase;
			buildActionMask = 2147483647;
			files = (
				17758E0A246D15B700862BF5 /* BarabaraGameTests.swift in Sources */,
			);
			runOnlyForDeploymentPostprocessing = 0;
		};
		17758E0C246D15B700862BF5 /* Sources */ = {
			isa = PBXSourcesBuildPhase;
			buildActionMask = 2147483647;
			files = (
				17758E15246D15B700862BF5 /* BarabaraGameUITests.swift in Sources */,
			);
			runOnlyForDeploymentPostprocessing = 0;
		};
/* End PBXSourcesBuildPhase section */

/* Begin PBXTargetDependency section */
		17758E07246D15B700862BF5 /* PBXTargetDependency */ = {
			isa = PBXTargetDependency;
			target = 17758DEE246D15B500862BF5 /* BarabaraGame */;
			targetProxy = 17758E06246D15B700862BF5 /* PBXContainerItemProxy */;
		};
		17758E12246D15B700862BF5 /* PBXTargetDependency */ = {
			isa = PBXTargetDependency;
			target = 17758DEE246D15B500862BF5 /* BarabaraGame */;
			targetProxy = 17758E11246D15B700862BF5 /* PBXContainerItemProxy */;
		};
/* End PBXTargetDependency section */

/* Begin PBXVariantGroup section */
		17758DF8246D15B600862BF5 /* Main.storyboard */ = {
			isa = PBXVariantGroup;
			children = (
				17758DF9246D15B600862BF5 /* Base */,
			);
			name = Main.storyboard;
			sourceTree = "<group>";
		};
		17758DFD246D15B700862BF5 /* LaunchScreen.storyboard */ = {
			isa = PBXVariantGroup;
			children = (
				17758DFE246D15B700862BF5 /* Base */,
			);
			name = LaunchScreen.storyboard;
			sourceTree = "<group>";
		};
/* End PBXVariantGroup section */

/* Begin XCBuildConfiguration section */
		17758E17246D15B700862BF5 /* Debug */ = {
			isa = XCBuildConfiguration;
			buildSettings = {
				ALWAYS_SEARCH_USER_PATHS = NO;
				CLANG_ANALYZER_NONNULL = YES;
				CLANG_ANALYZER_NUMBER_OBJECT_CONVERSION = YES_AGGRESSIVE;
				CLANG_CXX_LANGUAGE_STANDARD = "gnu++14";
				CLANG_CXX_LIBRARY = "libc++";
				CLANG_ENABLE_MODULES = YES;
				CLANG_ENABLE_OBJC_ARC = YES;
				CLANG_ENABLE_OBJC_WEAK = YES;
				CLANG_WARN_BLOCK_CAPTURE_AUTORELEASING = YES;
				CLANG_WARN_BOOL_CONVERSION = YES;
				CLANG_WARN_COMMA = YES;
				CLANG_WARN_CONSTANT_CONVERSION = YES;
				CLANG_WARN_DEPRECATED_OBJC_IMPLEMENTATIONS = YES;
				CLANG_WARN_DIRECT_OBJC_ISA_USAGE = YES_ERROR;
				CLANG_WARN_DOCUMENTATION_COMMENTS = YES;
				CLANG_WARN_EMPTY_BODY = YES;
				CLANG_WARN_ENUM_CONVERSION = YES;
				CLANG_WARN_INFINITE_RECURSION = YES;
				CLANG_WARN_INT_CONVERSION = YES;
				CLANG_WARN_NON_LITERAL_NULL_CONVERSION = YES;
				CLANG_WARN_OBJC_IMPLICIT_RETAIN_SELF = YES;
				CLANG_WARN_OBJC_LITERAL_CONVERSION = YES;
				CLANG_WARN_OBJC_ROOT_CLASS = YES_ERROR;
				CLANG_WARN_RANGE_LOOP_ANALYSIS = YES;
				CLANG_WARN_STRICT_PROTOTYPES = YES;
				CLANG_WARN_SUSPICIOUS_MOVE = YES;
				CLANG_WARN_UNGUARDED_AVAILABILITY = YES_AGGRESSIVE;
				CLANG_WARN_UNREACHABLE_CODE = YES;
				CLANG_WARN__DUPLICATE_METHOD_MATCH = YES;
				COPY_PHASE_STRIP = NO;
				DEBUG_INFORMATION_FORMAT = dwarf;
				ENABLE_STRICT_OBJC_MSGSEND = YES;
				ENABLE_TESTABILITY = YES;
				GCC_C_LANGUAGE_STANDARD = gnu11;
				GCC_DYNAMIC_NO_PIC = NO;
				GCC_NO_COMMON_BLOCKS = YES;
				GCC_OPTIMIZATION_LEVEL = 0;
				GCC_PREPROCESSOR_DEFINITIONS = (
					"DEBUG=1",
					"$(inherited)",
				);
				GCC_WARN_64_TO_32_BIT_CONVERSION = YES;
				GCC_WARN_ABOUT_RETURN_TYPE = YES_ERROR;
				GCC_WARN_UNDECLARED_SELECTOR = YES;
				GCC_WARN_UNINITIALIZED_AUTOS = YES_AGGRESSIVE;
				GCC_WARN_UNUSED_FUNCTION = YES;
				GCC_WARN_UNUSED_VARIABLE = YES;
				IPHONEOS_DEPLOYMENT_TARGET = 13.4;
				MTL_ENABLE_DEBUG_INFO = INCLUDE_SOURCE;
				MTL_FAST_MATH = YES;
				ONLY_ACTIVE_ARCH = YES;
				SDKROOT = iphoneos;
				SWIFT_ACTIVE_COMPILATION_CONDITIONS = DEBUG;
				SWIFT_OPTIMIZATION_LEVEL = "-Onone";
			};
			name = Debug;
		};
		17758E18246D15B700862BF5 /* Release */ = {
			isa = XCBuildConfiguration;
			buildSettings = {
				ALWAYS_SEARCH_USER_PATHS = NO;
				CLANG_ANALYZER_NONNULL = YES;
				CLANG_ANALYZER_NUMBER_OBJECT_CONVERSION = YES_AGGRESSIVE;
				CLANG_CXX_LANGUAGE_STANDARD = "gnu++14";
				CLANG_CXX_LIBRARY = "libc++";
				CLANG_ENABLE_MODULES = YES;
				CLANG_ENABLE_OBJC_ARC = YES;
				CLANG_ENABLE_OBJC_WEAK = YES;
				CLANG_WARN_BLOCK_CAPTURE_AUTORELEASING = YES;
				CLANG_WARN_BOOL_CONVERSION = YES;
				CLANG_WARN_COMMA = YES;
				CLANG_WARN_CONSTANT_CONVERSION = YES;
				CLANG_WARN_DEPRECATED_OBJC_IMPLEMENTATIONS = YES;
				CLANG_WARN_DIRECT_OBJC_ISA_USAGE = YES_ERROR;
				CLANG_WARN_DOCUMENTATION_COMMENTS = YES;
				CLANG_WARN_EMPTY_BODY = YES;
				CLANG_WARN_ENUM_CONVERSION = YES;
				CLANG_WARN_INFINITE_RECURSION = YES;
				CLANG_WARN_INT_CONVERSION = YES;
				CLANG_WARN_NON_LITERAL_NULL_CONVERSION = YES;
				CLANG_WARN_OBJC_IMPLICIT_RETAIN_SELF = YES;
				CLANG_WARN_OBJC_LITERAL_CONVERSION = YES;
				CLANG_WARN_OBJC_ROOT_CLASS = YES_ERROR;
				CLANG_WARN_RANGE_LOOP_ANALYSIS = YES;
				CLANG_WARN_STRICT_PROTOTYPES = YES;
				CLANG_WARN_SUSPICIOUS_MOVE = YES;
				CLANG_WARN_UNGUARDED_AVAILABILITY = YES_AGGRESSIVE;
				CLANG_WARN_UNREACHABLE_CODE = YES;
				CLANG_WARN__DUPLICATE_METHOD_MATCH = YES;
				COPY_PHASE_STRIP = NO;
				DEBUG_INFORMATION_FORMAT = "dwarf-with-dsym";
				ENABLE_NS_ASSERTIONS = NO;
				ENABLE_STRICT_OBJC_MSGSEND = YES;
				GCC_C_LANGUAGE_STANDARD = gnu11;
				GCC_NO_COMMON_BLOCKS = YES;
				GCC_WARN_64_TO_32_BIT_CONVERSION = YES;
				GCC_WARN_ABOUT_RETURN_TYPE = YES_ERROR;
				GCC_WARN_UNDECLARED_SELECTOR = YES;
				GCC_WARN_UNINITIALIZED_AUTOS = YES_AGGRESSIVE;
				GCC_WARN_UNUSED_FUNCTION = YES;
				GCC_WARN_UNUSED_VARIABLE = YES;
				IPHONEOS_DEPLOYMENT_TARGET = 13.4;
				MTL_ENABLE_DEBUG_INFO = NO;
				MTL_FAST_MATH = YES;
				SDKROOT = iphoneos;
				SWIFT_COMPILATION_MODE = wholemodule;
				SWIFT_OPTIMIZATION_LEVEL = "-O";
				VALIDATE_PRODUCT = YES;
			};
			name = Release;
		};
		17758E1A246D15B700862BF5 /* Debug */ = {
			isa = XCBuildConfiguration;
			buildSettings = {
				ASSETCATALOG_COMPILER_APPICON_NAME = AppIcon;
				CODE_SIGN_STYLE = Automatic;
				INFOPLIST_FILE = BarabaraGame/Info.plist;
				LD_RUNPATH_SEARCH_PATHS = (
					"$(inherited)",
					"@executable_path/Frameworks",
				);
				PRODUCT_BUNDLE_IDENTIFIER = app.takemura.assan.BarabaraGame;
				PRODUCT_NAME = "$(TARGET_NAME)";
				SWIFT_VERSION = 5.0;
				TARGETED_DEVICE_FAMILY = "1,2";
			};
			name = Debug;
		};
		17758E1B246D15B700862BF5 /* Release */ = {
			isa = XCBuildConfiguration;
			buildSettings = {
				ASSETCATALOG_COMPILER_APPICON_NAME = AppIcon;
				CODE_SIGN_STYLE = Automatic;
				INFOPLIST_FILE = BarabaraGame/Info.plist;
				LD_RUNPATH_SEARCH_PATHS = (
					"$(inherited)",
					"@executable_path/Frameworks",
				);
				PRODUCT_BUNDLE_IDENTIFIER = app.takemura.assan.BarabaraGame;
				PRODUCT_NAME = "$(TARGET_NAME)";
				SWIFT_VERSION = 5.0;
				TARGETED_DEVICE_FAMILY = "1,2";
			};
			name = Release;
		};
		17758E1D246D15B700862BF5 /* Debug */ = {
			isa = XCBuildConfiguration;
			buildSettings = {
				ALWAYS_EMBED_SWIFT_STANDARD_LIBRARIES = YES;
				BUNDLE_LOADER = "$(TEST_HOST)";
				CODE_SIGN_STYLE = Automatic;
				INFOPLIST_FILE = BarabaraGameTests/Info.plist;
				IPHONEOS_DEPLOYMENT_TARGET = 13.4;
				LD_RUNPATH_SEARCH_PATHS = (
					"$(inherited)",
					"@executable_path/Frameworks",
					"@loader_path/Frameworks",
				);
				PRODUCT_BUNDLE_IDENTIFIER = app.takemura.assan.BarabaraGameTests;
				PRODUCT_NAME = "$(TARGET_NAME)";
				SWIFT_VERSION = 5.0;
				TARGETED_DEVICE_FAMILY = "1,2";
				TEST_HOST = "$(BUILT_PRODUCTS_DIR)/BarabaraGame.app/BarabaraGame";
			};
			name = Debug;
		};
		17758E1E246D15B700862BF5 /* Release */ = {
			isa = XCBuildConfiguration;
			buildSettings = {
				ALWAYS_EMBED_SWIFT_STANDARD_LIBRARIES = YES;
				BUNDLE_LOADER = "$(TEST_HOST)";
				CODE_SIGN_STYLE = Automatic;
				INFOPLIST_FILE = BarabaraGameTests/Info.plist;
				IPHONEOS_DEPLOYMENT_TARGET = 13.4;
				LD_RUNPATH_SEARCH_PATHS = (
					"$(inherited)",
					"@executable_path/Frameworks",
					"@loader_path/Frameworks",
				);
				PRODUCT_BUNDLE_IDENTIFIER = app.takemura.assan.BarabaraGameTests;
				PRODUCT_NAME = "$(TARGET_NAME)";
				SWIFT_VERSION = 5.0;
				TARGETED_DEVICE_FAMILY = "1,2";
				TEST_HOST = "$(BUILT_PRODUCTS_DIR)/BarabaraGame.app/BarabaraGame";
			};
			name = Release;
		};
		17758E20246D15B700862BF5 /* Debug */ = {
			isa = XCBuildConfiguration;
			buildSettings = {
				ALWAYS_EMBED_SWIFT_STANDARD_LIBRARIES = YES;
				CODE_SIGN_STYLE = Automatic;
				INFOPLIST_FILE = BarabaraGameUITests/Info.plist;
				LD_RUNPATH_SEARCH_PATHS = (
					"$(inherited)",
					"@executable_path/Frameworks",
					"@loader_path/Frameworks",
				);
				PRODUCT_BUNDLE_IDENTIFIER = app.takemura.assan.BarabaraGameUITests;
				PRODUCT_NAME = "$(TARGET_NAME)";
				SWIFT_VERSION = 5.0;
				TARGETED_DEVICE_FAMILY = "1,2";
				TEST_TARGET_NAME = BarabaraGame;
			};
			name = Debug;
		};
		17758E21246D15B700862BF5 /* Release */ = {
			isa = XCBuildConfiguration;
			buildSettings = {
				ALWAYS_EMBED_SWIFT_STANDARD_LIBRARIES = YES;
				CODE_SIGN_STYLE = Automatic;
				INFOPLIST_FILE = BarabaraGameUITests/Info.plist;
				LD_RUNPATH_SEARCH_PATHS = (
					"$(inherited)",
					"@executable_path/Frameworks",
					"@loader_path/Frameworks",
				);
				PRODUCT_BUNDLE_IDENTIFIER = app.takemura.assan.BarabaraGameUITests;
				PRODUCT_NAME = "$(TARGET_NAME)";
				SWIFT_VERSION = 5.0;
				TARGETED_DEVICE_FAMILY = "1,2";
				TEST_TARGET_NAME = BarabaraGame;
			};
			name = Release;
		};
/* End XCBuildConfiguration section */

/* Begin XCConfigurationList section */
		17758DEA246D15B500862BF5 /* Build configuration list for PBXProject "BarabaraGame" */ = {
			isa = XCConfigurationList;
			buildConfigurations = (
				17758E17246D15B700862BF5 /* Debug */,
				17758E18246D15B700862BF5 /* Release */,
			);
			defaultConfigurationIsVisible = 0;
			defaultConfigurationName = Release;
		};
		17758E19246D15B700862BF5 /* Build configuration list for PBXNativeTarget "BarabaraGame" */ = {
			isa = XCConfigurationList;
			buildConfigurations = (
				17758E1A246D15B700862BF5 /* Debug */,
				17758E1B246D15B700862BF5 /* Release */,
			);
			defaultConfigurationIsVisible = 0;
			defaultConfigurationName = Release;
		};
		17758E1C246D15B700862BF5 /* Build configuration list for PBXNativeTarget "BarabaraGameTests" */ = {
			isa = XCConfigurationList;
			buildConfigurations = (
				17758E1D246D15B700862BF5 /* Debug */,
				17758E1E246D15B700862BF5 /* Release */,
			);
			defaultConfigurationIsVisible = 0;
			defaultConfigurationName = Release;
		};
		17758E1F246D15B700862BF5 /* Build configuration list for PBXNativeTarget "BarabaraGameUITests" */ = {
			isa = XCConfigurationList;
			buildConfigurations = (
				17758E20246D15B700862BF5 /* Debug */,
				17758E21246D15B700862BF5 /* Release */,
			);
			defaultConfigurationIsVisible = 0;
			defaultConfigurationName = Release;
		};
/* End XCConfigurationList section */
	};
	rootObject = 17758DE7246D15B500862BF5 /* Project object */;
}
